
Microsoft Visual Studio Solution File, Format Version 12.00
# Visual Studio Version 16
VisualStudioVersion = 16.0.32413.511
MinimumVisualStudioVersion = 10.0.40219.1
Project("{FAE04EC0-301F-11D3-BF4B-00C04F79EFBC}") = "QuanLyCamDo", "QuanLyCamDo\QuanLyCamDo.csproj", "{0C02A756-D711-43C5-8FEF-7F5792E2B27B}"
EndProject
Project("{FAE04EC0-301F-11D3-BF4B-00C04F79EFBC}") = "API_QuanLyCamDo", "API_QuanLyCamDo\API_QuanLyCamDo.csproj", "{F7ED215A-056F-44C7-BE6C-1DDE279080C1}"
EndProject
Global
	GlobalSection(SolutionConfigurationPlatforms) = preSolution
		Debug|Any CPU = Debug|Any CPU
		Release|Any CPU = Release|Any CPU
	EndGlobalSection
	GlobalSection(ProjectConfigurationPlatforms) = postSolution
		{0C02A756-D711-43C5-8FEF-7F5792E2B27B}.Debug|Any CPU.ActiveCfg = Debug|Any CPU
		{0C02A756-D711-43C5-8FEF-7F5792E2B27B}.Debug|Any CPU.Build.0 = Debug|Any CPU
		{0C02A756-D711-43C5-8FEF-7F5792E2B27B}.Release|Any CPU.ActiveCfg = Release|Any CPU
		{0C02A756-D711-43C5-8FEF-7F5792E2B27B}.Release|Any CPU.Build.0 = Release|Any CPU
		{F7ED215A-056F-44C7-BE6C-1DDE279080C1}.Debug|Any CPU.ActiveCfg = Debug|Any CPU
		{F7ED215A-056F-44C7-BE6C-1DDE279080C1}.Debug|Any CPU.Build.0 = Debug|Any CPU
		{F7ED215A-056F-44C7-BE6C-1DDE279080C1}.Release|Any CPU.ActiveCfg = Release|Any CPU
		{F7ED215A-056F-44C7-BE6C-1DDE279080C1}.Release|Any CPU.Build.0 = Release|Any CPU
	EndGlobalSection
	GlobalSection(SolutionProperties) = preSolution
		HideSolutionNode = FALSE
	EndGlobalSection
	GlobalSection(ExtensibilityGlobals) = postSolution
		SolutionGuid = {8723A670-A9A4-4FF9-B70E-6BEF40561DF5}
	EndGlobalSection
EndGlobal
